// !$*UTF8*$!
{
	archiveVersion = 1;
	classes = {
	};
	objectVersion = 50;
	objects = {

/* Begin PBXBuildFile section */
		DBD46DE825CE63D000489BA0 /* AppDelegate.swift in Sources */ = {isa = PBXBuildFile; fileRef = DBD46DE725CE63D000489BA0 /* AppDelegate.swift */; };
		DBD46DEA25CE63D000489BA0 /* SceneDelegate.swift in Sources */ = {isa = PBXBuildFile; fileRef = DBD46DE925CE63D000489BA0 /* SceneDelegate.swift */; };
		DBD46DEC25CE63D000489BA0 /* ViewController.swift in Sources */ = {isa = PBXBuildFile; fileRef = DBD46DEB25CE63D000489BA0 /* ViewController.swift */; };
		DBD46DEF25CE63D000489BA0 /* Main.storyboard in Resources */ = {isa = PBXBuildFile; fileRef = DBD46DED25CE63D000489BA0 /* Main.storyboard */; };
		DBD46DF125CE63D100489BA0 /* Assets.xcassets in Resources */ = {isa = PBXBuildFile; fileRef = DBD46DF025CE63D100489BA0 /* Assets.xcassets */; };
		DBD46DF425CE63D100489BA0 /* LaunchScreen.storyboard in Resources */ = {isa = PBXBuildFile; fileRef = DBD46DF225CE63D100489BA0 /* LaunchScreen.storyboard */; };
		DBD46DFF25CE63D100489BA0 /* PreworkTests.swift in Sources */ = {isa = PBXBuildFile; fileRef = DBD46DFE25CE63D100489BA0 /* PreworkTests.swift */; };
		DBD46E0A25CE63D100489BA0 /* PreworkUITests.swift in Sources */ = {isa = PBXBuildFile; fileRef = DBD46E0925CE63D100489BA0 /* PreworkUITests.swift */; };
/* End PBXBuildFile section */

/* Begin PBXContainerItemProxy section */
		DBD46DFB25CE63D100489BA0 /* PBXContainerItemProxy */ = {
			isa = PBXContainerItemProxy;
			containerPortal = DBD46DDC25CE63D000489BA0 /* Project object */;
			proxyType = 1;
			remoteGlobalIDString = DBD46DE325CE63D000489BA0;
			remoteInfo = Prework;
		};
		DBD46E0625CE63D100489BA0 /* PBXContainerItemProxy */ = {
			isa = PBXContainerItemProxy;
			containerPortal = DBD46DDC25CE63D000489BA0 /* Project object */;
			proxyType = 1;
			remoteGlobalIDString = DBD46DE325CE63D000489BA0;
			remoteInfo = Prework;
		};
/* End PBXContainerItemProxy section */

/* Begin PBXFileReference section */
		DBD46DE425CE63D000489BA0 /* Prework.app */ = {isa = PBXFileReference; explicitFileType = wrapper.application; includeInIndex = 0; path = Prework.app; sourceTree = BUILT_PRODUCTS_DIR; };
		DBD46DE725CE63D000489BA0 /* AppDelegate.swift */ = {isa = PBXFileReference; lastKnownFileType = sourcecode.swift; path = AppDelegate.swift; sourceTree = "<group>"; };
		DBD46DE925CE63D000489BA0 /* SceneDelegate.swift */ = {isa = PBXFileReference; lastKnownFileType = sourcecode.swift; path = SceneDelegate.swift; sourceTree = "<group>"; };
		DBD46DEB25CE63D000489BA0 /* ViewController.swift */ = {isa = PBXFileReference; lastKnownFileType = sourcecode.swift; path = ViewController.swift; sourceTree = "<group>"; };
		DBD46DEE25CE63D000489BA0 /* Base */ = {isa = PBXFileReference; lastKnownFileType = file.storyboard; name = Base; path = Base.lproj/Main.storyboard; sourceTree = "<group>"; };
		DBD46DF025CE63D100489BA0 /* Assets.xcassets */ = {isa = PBXFileReference; lastKnownFileType = folder.assetcatalog; path = Assets.xcassets; sourceTree = "<group>"; };
		DBD46DF325CE63D100489BA0 /* Base */ = {isa = PBXFileReference; lastKnownFileType = file.storyboard; name = Base; path = Base.lproj/LaunchScreen.storyboard; sourceTree = "<group>"; };
		DBD46DF525CE63D100489BA0 /* Info.plist */ = {isa = PBXFileReference; lastKnownFileType = text.plist.xml; path = Info.plist; sourceTree = "<group>"; };
		DBD46DFA25CE63D100489BA0 /* PreworkTests.xctest */ = {isa = PBXFileReference; explicitFileType = wrapper.cfbundle; includeInIndex = 0; path = PreworkTests.xctest; sourceTree = BUILT_PRODUCTS_DIR; };
		DBD46DFE25CE63D100489BA0 /* PreworkTests.swift */ = {isa = PBXFileReference; lastKnownFileType = sourcecode.swift; path = PreworkTests.swift; sourceTree = "<group>"; };
		DBD46E0025CE63D100489BA0 /* Info.plist */ = {isa = PBXFileReference; lastKnownFileType = text.plist.xml; path = Info.plist; sourceTree = "<group>"; };
		DBD46E0525CE63D100489BA0 /* PreworkUITests.xctest */ = {isa = PBXFileReference; explicitFileType = wrapper.cfbundle; includeInIndex = 0; path = PreworkUITests.xctest; sourceTree = BUILT_PRODUCTS_DIR; };
		DBD46E0925CE63D100489BA0 /* PreworkUITests.swift */ = {isa = PBXFileReference; lastKnownFileType = sourcecode.swift; path = PreworkUITests.swift; sourceTree = "<group>"; };
		DBD46E0B25CE63D100489BA0 /* Info.plist */ = {isa = PBXFileReference; lastKnownFileType = text.plist.xml; path = Info.plist; sourceTree = "<group>"; };
/* End PBXFileReference section */

/* Begin PBXFrameworksBuildPhase section */
		DBD46DE125CE63D000489BA0 /* Frameworks */ = {
			isa = PBXFrameworksBuildPhase;
			buildActionMask = 2147483647;
			files = (
			);
			runOnlyForDeploymentPostprocessing = 0;
		};
		DBD46DF725CE63D100489BA0 /* Frameworks */ = {
			isa = PBXFrameworksBuildPhase;
			buildActionMask = 2147483647;
			files = (
			);
			runOnlyForDeploymentPostprocessing = 0;
		};
		DBD46E0225CE63D100489BA0 /* Frameworks */ = {
			isa = PBXFrameworksBuildPhase;
			buildActionMask = 2147483647;
			files = (
			);
			runOnlyForDeploymentPostprocessing = 0;
		};
/* End PBXFrameworksBuildPhase section */

/* Begin PBXGroup section */
		DBD46DDB25CE63D000489BA0 = {
			isa = PBXGroup;
			children = (
				DBD46DE625CE63D000489BA0 /* Prework */,
				DBD46DFD25CE63D100489BA0 /* PreworkTests */,
				DBD46E0825CE63D100489BA0 /* PreworkUITests */,
				DBD46DE525CE63D000489BA0 /* Products */,
			);
			sourceTree = "<group>";
		};
		DBD46DE525CE63D000489BA0 /* Products */ = {
			isa = PBXGroup;
			children = (
				DBD46DE425CE63D000489BA0 /* Prework.app */,
				DBD46DFA25CE63D100489BA0 /* PreworkTests.xctest */,
				DBD46E0525CE63D100489BA0 /* PreworkUITests.xctest */,
			);
			name = Products;
			sourceTree = "<group>";
		};
		DBD46DE625CE63D000489BA0 /* Prework */ = {
			isa = PBXGroup;
			children = (
				DBD46DE725CE63D000489BA0 /* AppDelegate.swift */,
				DBD46DE925CE63D000489BA0 /* SceneDelegate.swift */,
				DBD46DEB25CE63D000489BA0 /* ViewController.swift */,
				DBD46DED25CE63D000489BA0 /* Main.storyboard */,
				DBD46DF025CE63D100489BA0 /* Assets.xcassets */,
				DBD46DF225CE63D100489BA0 /* LaunchScreen.storyboard */,
				DBD46DF525CE63D100489BA0 /* Info.plist */,
			);
			path = Prework;
			sourceTree = "<group>";
		};
		DBD46DFD25CE63D100489BA0 /* PreworkTests */ = {
			isa = PBXGroup;
			children = (
				DBD46DFE25CE63D100489BA0 /* PreworkTests.swift */,
				DBD46E0025CE63D100489BA0 /* Info.plist */,
			);
			path = PreworkTests;
			sourceTree = "<group>";
		};
		DBD46E0825CE63D100489BA0 /* PreworkUITests */ = {
			isa = PBXGroup;
			children = (
				DBD46E0925CE63D100489BA0 /* PreworkUITests.swift */,
				DBD46E0B25CE63D100489BA0 /* Info.plist */,
			);
			path = PreworkUITests;
			sourceTree = "<group>";
		};
/* End PBXGroup section */

/* Begin PBXNativeTarget section */
		DBD46DE325CE63D000489BA0 /* Prework */ = {
			isa = PBXNativeTarget;
			buildConfigurationList = DBD46E0E25CE63D100489BA0 /* Build configuration list for PBXNativeTarget "Prework" */;
			buildPhases = (
				DBD46DE025CE63D000489BA0 /* Sources */,
				DBD46DE125CE63D000489BA0 /* Frameworks */,
				DBD46DE225CE63D000489BA0 /* Resources */,
			);
			buildRules = (
			);
			dependencies = (
			);
			name = Prework;
			productName = Prework;
			productReference = DBD46DE425CE63D000489BA0 /* Prework.app */;
			productType = "com.apple.product-type.application";
		};
		DBD46DF925CE63D100489BA0 /* PreworkTests */ = {
			isa = PBXNativeTarget;
			buildConfigurationList = DBD46E1125CE63D100489BA0 /* Build configuration list for PBXNativeTarget "PreworkTests" */;
			buildPhases = (
				DBD46DF625CE63D100489BA0 /* Sources */,
				DBD46DF725CE63D100489BA0 /* Frameworks */,
				DBD46DF825CE63D100489BA0 /* Resources */,
			);
			buildRules = (
			);
			dependencies = (
				DBD46DFC25CE63D100489BA0 /* PBXTargetDependency */,
			);
			name = PreworkTests;
			productName = PreworkTests;
			productReference = DBD46DFA25CE63D100489BA0 /* PreworkTests.xctest */;
			productType = "com.apple.product-type.bundle.unit-test";
		};
		DBD46E0425CE63D100489BA0 /* PreworkUITests */ = {
			isa = PBXNativeTarget;
			buildConfigurationList = DBD46E1425CE63D100489BA0 /* Build configuration list for PBXNativeTarget "PreworkUITests" */;
			buildPhases = (
				DBD46E0125CE63D100489BA0 /* Sources */,
				DBD46E0225CE63D100489BA0 /* Frameworks */,
				DBD46E0325CE63D100489BA0 /* Resources */,
			);
			buildRules = (
			);
			dependencies = (
				DBD46E0725CE63D100489BA0 /* PBXTargetDependency */,
			);
			name = PreworkUITests;
			productName = PreworkUITests;
			productReference = DBD46E0525CE63D100489BA0 /* PreworkUITests.xctest */;
			productType = "com.apple.product-type.bundle.ui-testing";
		};
/* End PBXNativeTarget section */

/* Begin PBXProject section */
		DBD46DDC25CE63D000489BA0 /* Project object */ = {
			isa = PBXProject;
			attributes = {
				LastSwiftUpdateCheck = 1220;
				LastUpgradeCheck = 1220;
				TargetAttributes = {
					DBD46DE325CE63D000489BA0 = {
						CreatedOnToolsVersion = 12.2;
					};
					DBD46DF925CE63D100489BA0 = {
						CreatedOnToolsVersion = 12.2;
						TestTargetID = DBD46DE325CE63D000489BA0;
					};
					DBD46E0425CE63D100489BA0 = {
						CreatedOnToolsVersion = 12.2;
						TestTargetID = DBD46DE325CE63D000489BA0;
					};
				};
			};
			buildConfigurationList = DBD46DDF25CE63D000489BA0 /* Build configuration list for PBXProject "Prework" */;
			compatibilityVersion = "Xcode 9.3";
			developmentRegion = en;
			hasScannedForEncodings = 0;
			knownRegions = (
				en,
				Base,
			);
			mainGroup = DBD46DDB25CE63D000489BA0;
			productRefGroup = DBD46DE525CE63D000489BA0 /* Products */;
			projectDirPath = "";
			projectRoot = "";
			targets = (
				DBD46DE325CE63D000489BA0 /* Prework */,
				DBD46DF925CE63D100489BA0 /* PreworkTests */,
				DBD46E0425CE63D100489BA0 /* PreworkUITests */,
			);
		};
/* End PBXProject section */

/* Begin PBXResourcesBuildPhase section */
		DBD46DE225CE63D000489BA0 /* Resources */ = {
			isa = PBXResourcesBuildPhase;
			buildActionMask = 2147483647;
			files = (
				DBD46DF425CE63D100489BA0 /* LaunchScreen.storyboard in Resources */,
				DBD46DF125CE63D100489BA0 /* Assets.xcassets in Resources */,
				DBD46DEF25CE63D000489BA0 /* Main.storyboard in Resources */,
			);
			runOnlyForDeploymentPostprocessing = 0;
		};
		DBD46DF825CE63D100489BA0 /* Resources */ = {
			isa = PBXResourcesBuildPhase;
			buildActionMask = 2147483647;
			files = (
			);
			runOnlyForDeploymentPostprocessing = 0;
		};
		DBD46E0325CE63D100489BA0 /* Resources */ = {
			isa = PBXResourcesBuildPhase;
			buildActionMask = 2147483647;
			files = (
			);
			runOnlyForDeploymentPostprocessing = 0;
		};
/* End PBXResourcesBuildPhase section */

/* Begin PBXSourcesBuildPhase section */
		DBD46DE025CE63D000489BA0 /* Sources */ = {
			isa = PBXSourcesBuildPhase;
			buildActionMask = 2147483647;
			files = (
				DBD46DEC25CE63D000489BA0 /* ViewController.swift in Sources */,
				DBD46DE825CE63D000489BA0 /* AppDelegate.swift in Sources */,
				DBD46DEA25CE63D000489BA0 /* SceneDelegate.swift in Sources */,
			);
			runOnlyForDeploymentPostprocessing = 0;
		};
		DBD46DF625CE63D100489BA0 /* Sources */ = {
			isa = PBXSourcesBuildPhase;
			buildActionMask = 2147483647;
			files = (
				DBD46DFF25CE63D100489BA0 /* PreworkTests.swift in Sources */,
			);
			runOnlyForDeploymentPostprocessing = 0;
		};
		DBD46E0125CE63D100489BA0 /* Sources */ = {
			isa = PBXSourcesBuildPhase;
			buildActionMask = 2147483647;
			files = (
				DBD46E0A25CE63D100489BA0 /* PreworkUITests.swift in Sources */,
			);
			runOnlyForDeploymentPostprocessing = 0;
		};
/* End PBXSourcesBuildPhase section */

/* Begin PBXTargetDependency section */
		DBD46DFC25CE63D100489BA0 /* PBXTargetDependency */ = {
			isa = PBXTargetDependency;
			target = DBD46DE325CE63D000489BA0 /* Prework */;
			targetProxy = DBD46DFB25CE63D100489BA0 /* PBXContainerItemProxy */;
		};
		DBD46E0725CE63D100489BA0 /* PBXTargetDependency */ = {
			isa = PBXTargetDependency;
			target = DBD46DE325CE63D000489BA0 /* Prework */;
			targetProxy = DBD46E0625CE63D100489BA0 /* PBXContainerItemProxy */;
		};
/* End PBXTargetDependency section */

/* Begin PBXVariantGroup section */
		DBD46DED25CE63D000489BA0 /* Main.storyboard */ = {
			isa = PBXVariantGroup;
			children = (
				DBD46DEE25CE63D000489BA0 /* Base */,
			);
			name = Main.storyboard;
			sourceTree = "<group>";
		};
		DBD46DF225CE63D100489BA0 /* LaunchScreen.storyboard */ = {
			isa = PBXVariantGroup;
			children = (
				DBD46DF325CE63D100489BA0 /* Base */,
			);
			name = LaunchScreen.storyboard;
			sourceTree = "<group>";
		};
/* End PBXVariantGroup section */

/* Begin XCBuildConfiguration section */
		DBD46E0C25CE63D100489BA0 /* Debug */ = {
			isa = XCBuildConfiguration;
			buildSettings = {
				ALWAYS_SEARCH_USER_PATHS = NO;
				CLANG_ANALYZER_NONNULL = YES;
				CLANG_ANALYZER_NUMBER_OBJECT_CONVERSION = YES_AGGRESSIVE;
				CLANG_CXX_LANGUAGE_STANDARD = "gnu++14";
				CLANG_CXX_LIBRARY = "libc++";
				CLANG_ENABLE_MODULES = YES;
				CLANG_ENABLE_OBJC_ARC = YES;
				CLANG_ENABLE_OBJC_WEAK = YES;
				CLANG_WARN_BLOCK_CAPTURE_AUTORELEASING = YES;
				CLANG_WARN_BOOL_CONVERSION = YES;
				CLANG_WARN_COMMA = YES;
				CLANG_WARN_CONSTANT_CONVERSION = YES;
				CLANG_WARN_DEPRECATED_OBJC_IMPLEMENTATIONS = YES;
				CLANG_WARN_DIRECT_OBJC_ISA_USAGE = YES_ERROR;
				CLANG_WARN_DOCUMENTATION_COMMENTS = YES;
				CLANG_WARN_EMPTY_BODY = YES;
				CLANG_WARN_ENUM_CONVERSION = YES;
				CLANG_WARN_INFINITE_RECURSION = YES;
				CLANG_WARN_INT_CONVERSION = YES;
				CLANG_WARN_NON_LITERAL_NULL_CONVERSION = YES;
				CLANG_WARN_OBJC_IMPLICIT_RETAIN_SELF = YES;
				CLANG_WARN_OBJC_LITERAL_CONVERSION = YES;
				CLANG_WARN_OBJC_ROOT_CLASS = YES_ERROR;
				CLANG_WARN_QUOTED_INCLUDE_IN_FRAMEWORK_HEADER = YES;
				CLANG_WARN_RANGE_LOOP_ANALYSIS = YES;
				CLANG_WARN_STRICT_PROTOTYPES = YES;
				CLANG_WARN_SUSPICIOUS_MOVE = YES;
				CLANG_WARN_UNGUARDED_AVAILABILITY = YES_AGGRESSIVE;
				CLANG_WARN_UNREACHABLE_CODE = YES;
				CLANG_WARN__DUPLICATE_METHOD_MATCH = YES;
				COPY_PHASE_STRIP = NO;
				DEBUG_INFORMATION_FORMAT = dwarf;
				ENABLE_STRICT_OBJC_MSGSEND = YES;
				ENABLE_TESTABILITY = YES;
				GCC_C_LANGUAGE_STANDARD = gnu11;
				GCC_DYNAMIC_NO_PIC = NO;
				GCC_NO_COMMON_BLOCKS = YES;
				GCC_OPTIMIZATION_LEVEL = 0;
				GCC_PREPROCESSOR_DEFINITIONS = (
					"DEBUG=1",
					"$(inherited)",
				);
				GCC_WARN_64_TO_32_BIT_CONVERSION = YES;
				GCC_WARN_ABOUT_RETURN_TYPE = YES_ERROR;
				GCC_WARN_UNDECLARED_SELECTOR = YES;
				GCC_WARN_UNINITIALIZED_AUTOS = YES_AGGRESSIVE;
				GCC_WARN_UNUSED_FUNCTION = YES;
				GCC_WARN_UNUSED_VARIABLE = YES;
				IPHONEOS_DEPLOYMENT_TARGET = 14.2;
				MTL_ENABLE_DEBUG_INFO = INCLUDE_SOURCE;
				MTL_FAST_MATH = YES;
				ONLY_ACTIVE_ARCH = YES;
				SDKROOT = iphoneos;
				SWIFT_ACTIVE_COMPILATION_CONDITIONS = DEBUG;
				SWIFT_OPTIMIZATION_LEVEL = "-Onone";
			};
			name = Debug;
		};
		DBD46E0D25CE63D100489BA0 /* Release */ = {
			isa = XCBuildConfiguration;
			buildSettings = {
				ALWAYS_SEARCH_USER_PATHS = NO;
				CLANG_ANALYZER_NONNULL = YES;
				CLANG_ANALYZER_NUMBER_OBJECT_CONVERSION = YES_AGGRESSIVE;
				CLANG_CXX_LANGUAGE_STANDARD = "gnu++14";
				CLANG_CXX_LIBRARY = "libc++";
				CLANG_ENABLE_MODULES = YES;
				CLANG_ENABLE_OBJC_ARC = YES;
				CLANG_ENABLE_OBJC_WEAK = YES;
				CLANG_WARN_BLOCK_CAPTURE_AUTORELEASING = YES;
				CLANG_WARN_BOOL_CONVERSION = YES;
				CLANG_WARN_COMMA = YES;
				CLANG_WARN_CONSTANT_CONVERSION = YES;
				CLANG_WARN_DEPRECATED_OBJC_IMPLEMENTATIONS = YES;
				CLANG_WARN_DIRECT_OBJC_ISA_USAGE = YES_ERROR;
				CLANG_WARN_DOCUMENTATION_COMMENTS = YES;
				CLANG_WARN_EMPTY_BODY = YES;
				CLANG_WARN_ENUM_CONVERSION = YES;
				CLANG_WARN_INFINITE_RECURSION = YES;
				CLANG_WARN_INT_CONVERSION = YES;
				CLANG_WARN_NON_LITERAL_NULL_CONVERSION = YES;
				CLANG_WARN_OBJC_IMPLICIT_RETAIN_SELF = YES;
				CLANG_WARN_OBJC_LITERAL_CONVERSION = YES;
				CLANG_WARN_OBJC_ROOT_CLASS = YES_ERROR;
				CLANG_WARN_QUOTED_INCLUDE_IN_FRAMEWORK_HEADER = YES;
				CLANG_WARN_RANGE_LOOP_ANALYSIS = YES;
				CLANG_WARN_STRICT_PROTOTYPES = YES;
				CLANG_WARN_SUSPICIOUS_MOVE = YES;
				CLANG_WARN_UNGUARDED_AVAILABILITY = YES_AGGRESSIVE;
				CLANG_WARN_UNREACHABLE_CODE = YES;
				CLANG_WARN__DUPLICATE_METHOD_MATCH = YES;
				COPY_PHASE_STRIP = NO;
				DEBUG_INFORMATION_FORMAT = "dwarf-with-dsym";
				ENABLE_NS_ASSERTIONS = NO;
				ENABLE_STRICT_OBJC_MSGSEND = YES;
				GCC_C_LANGUAGE_STANDARD = gnu11;
				GCC_NO_COMMON_BLOCKS = YES;
				GCC_WARN_64_TO_32_BIT_CONVERSION = YES;
				GCC_WARN_ABOUT_RETURN_TYPE = YES_ERROR;
				GCC_WARN_UNDECLARED_SELECTOR = YES;
				GCC_WARN_UNINITIALIZED_AUTOS = YES_AGGRESSIVE;
				GCC_WARN_UNUSED_FUNCTION = YES;
				GCC_WARN_UNUSED_VARIABLE = YES;
				IPHONEOS_DEPLOYMENT_TARGET = 14.2;
				MTL_ENABLE_DEBUG_INFO = NO;
				MTL_FAST_MATH = YES;
				SDKROOT = iphoneos;
				SWIFT_COMPILATION_MODE = wholemodule;
				SWIFT_OPTIMIZATION_LEVEL = "-O";
				VALIDATE_PRODUCT = YES;
			};
			name = Release;
		};
		DBD46E0F25CE63D100489BA0 /* Debug */ = {
			isa = XCBuildConfiguration;
			buildSettings = {
				ASSETCATALOG_COMPILER_APPICON_NAME = AppIcon;
				ASSETCATALOG_COMPILER_GLOBAL_ACCENT_COLOR_NAME = AccentColor;
				CODE_SIGN_STYLE = Automatic;
				INFOPLIST_FILE = Prework/Info.plist;
				LD_RUNPATH_SEARCH_PATHS = (
					"$(inherited)",
					"@executable_path/Frameworks",
				);
				PRODUCT_BUNDLE_IDENTIFIER = com.ShehrebanuRashik.Prework;
				PRODUCT_NAME = "$(TARGET_NAME)";
				SWIFT_VERSION = 5.0;
				TARGETED_DEVICE_FAMILY = "1,2";
			};
			name = Debug;
		};
		DBD46E1025CE63D100489BA0 /* Release */ = {
			isa = XCBuildConfiguration;
			buildSettings = {
				ASSETCATALOG_COMPILER_APPICON_NAME = AppIcon;
				ASSETCATALOG_COMPILER_GLOBAL_ACCENT_COLOR_NAME = AccentColor;
				CODE_SIGN_STYLE = Automatic;
				INFOPLIST_FILE = Prework/Info.plist;
				LD_RUNPATH_SEARCH_PATHS = (
					"$(inherited)",
					"@executable_path/Frameworks",
				);
				PRODUCT_BUNDLE_IDENTIFIER = com.ShehrebanuRashik.Prework;
				PRODUCT_NAME = "$(TARGET_NAME)";
				SWIFT_VERSION = 5.0;
				TARGETED_DEVICE_FAMILY = "1,2";
			};
			name = Release;
		};
		DBD46E1225CE63D100489BA0 /* Debug */ = {
			isa = XCBuildConfiguration;
			buildSettings = {
				ALWAYS_EMBED_SWIFT_STANDARD_LIBRARIES = YES;
				BUNDLE_LOADER = "$(TEST_HOST)";
				CODE_SIGN_STYLE = Automatic;
				INFOPLIST_FILE = PreworkTests/Info.plist;
				IPHONEOS_DEPLOYMENT_TARGET = 14.2;
				LD_RUNPATH_SEARCH_PATHS = (
					"$(inherited)",
					"@executable_path/Frameworks",
					"@loader_path/Frameworks",
				);
				PRODUCT_BUNDLE_IDENTIFIER = com.ShehrebanuRashik.PreworkTests;
				PRODUCT_NAME = "$(TARGET_NAME)";
				SWIFT_VERSION = 5.0;
				TARGETED_DEVICE_FAMILY = "1,2";
				TEST_HOST = "$(BUILT_PRODUCTS_DIR)/Prework.app/Prework";
			};
			name = Debug;
		};
		DBD46E1325CE63D100489BA0 /* Release */ = {
			isa = XCBuildConfiguration;
			buildSettings = {
				ALWAYS_EMBED_SWIFT_STANDARD_LIBRARIES = YES;
				BUNDLE_LOADER = "$(TEST_HOST)";
				CODE_SIGN_STYLE = Automatic;
				INFOPLIST_FILE = PreworkTests/Info.plist;
				IPHONEOS_DEPLOYMENT_TARGET = 14.2;
				LD_RUNPATH_SEARCH_PATHS = (
					"$(inherited)",
					"@executable_path/Frameworks",
					"@loader_path/Frameworks",
				);
				PRODUCT_BUNDLE_IDENTIFIER = com.ShehrebanuRashik.PreworkTests;
				PRODUCT_NAME = "$(TARGET_NAME)";
				SWIFT_VERSION = 5.0;
				TARGETED_DEVICE_FAMILY = "1,2";
				TEST_HOST = "$(BUILT_PRODUCTS_DIR)/Prework.app/Prework";
			};
			name = Release;
		};
		DBD46E1525CE63D100489BA0 /* Debug */ = {
			isa = XCBuildConfiguration;
			buildSettings = {
				ALWAYS_EMBED_SWIFT_STANDARD_LIBRARIES = YES;
				CODE_SIGN_STYLE = Automatic;
				INFOPLIST_FILE = PreworkUITests/Info.plist;
				LD_RUNPATH_SEARCH_PATHS = (
					"$(inherited)",
					"@executable_path/Frameworks",
					"@loader_path/Frameworks",
				);
				PRODUCT_BUNDLE_IDENTIFIER = com.ShehrebanuRashik.PreworkUITests;
				PRODUCT_NAME = "$(TARGET_NAME)";
				SWIFT_VERSION = 5.0;
				TARGETED_DEVICE_FAMILY = "1,2";
				TEST_TARGET_NAME = Prework;
			};
			name = Debug;
		};
		DBD46E1625CE63D100489BA0 /* Release */ = {
			isa = XCBuildConfiguration;
			buildSettings = {
				ALWAYS_EMBED_SWIFT_STANDARD_LIBRARIES = YES;
				CODE_SIGN_STYLE = Automatic;
				INFOPLIST_FILE = PreworkUITests/Info.plist;
				LD_RUNPATH_SEARCH_PATHS = (
					"$(inherited)",
					"@executable_path/Frameworks",
					"@loader_path/Frameworks",
				);
				PRODUCT_BUNDLE_IDENTIFIER = com.ShehrebanuRashik.PreworkUITests;
				PRODUCT_NAME = "$(TARGET_NAME)";
				SWIFT_VERSION = 5.0;
				TARGETED_DEVICE_FAMILY = "1,2";
				TEST_TARGET_NAME = Prework;
			};
			name = Release;
		};
/* End XCBuildConfiguration section */

/* Begin XCConfigurationList section */
		DBD46DDF25CE63D000489BA0 /* Build configuration list for PBXProject "Prework" */ = {
			isa = XCConfigurationList;
			buildConfigurations = (
				DBD46E0C25CE63D100489BA0 /* Debug */,
				DBD46E0D25CE63D100489BA0 /* Release */,
			);
			defaultConfigurationIsVisible = 0;
			defaultConfigurationName = Release;
		};
		DBD46E0E25CE63D100489BA0 /* Build configuration list for PBXNativeTarget "Prework" */ = {
			isa = XCConfigurationList;
			buildConfigurations = (
				DBD46E0F25CE63D100489BA0 /* Debug */,
				DBD46E1025CE63D100489BA0 /* Release */,
			);
			defaultConfigurationIsVisible = 0;
			defaultConfigurationName = Release;
		};
		DBD46E1125CE63D100489BA0 /* Build configuration list for PBXNativeTarget "PreworkTests" */ = {
			isa = XCConfigurationList;
			buildConfigurations = (
				DBD46E1225CE63D100489BA0 /* Debug */,
				DBD46E1325CE63D100489BA0 /* Release */,
			);
			defaultConfigurationIsVisible = 0;
			defaultConfigurationName = Release;
		};
		DBD46E1425CE63D100489BA0 /* Build configuration list for PBXNativeTarget "PreworkUITests" */ = {
			isa = XCConfigurationList;
			buildConfigurations = (
				DBD46E1525CE63D100489BA0 /* Debug */,
				DBD46E1625CE63D100489BA0 /* Release */,
			);
			defaultConfigurationIsVisible = 0;
			defaultConfigurationName = Release;
		};
/* End XCConfigurationList section */
	};
	rootObject = DBD46DDC25CE63D000489BA0 /* Project object */;
}
